// !$*UTF8*$!
{
	archiveVersion = 1;
	classes = {
	};
	objectVersion = 50;
	objects = {

/* Begin PBXBuildFile section */
		1A74D6762215AA4D00ED4D85 /* AppDelegate.swift in Sources */ = {isa = PBXBuildFile; fileRef = 1A74D6752215AA4D00ED4D85 /* AppDelegate.swift */; };
		1A74D6782215AA4D00ED4D85 /* ViewController.swift in Sources */ = {isa = PBXBuildFile; fileRef = 1A74D6772215AA4D00ED4D85 /* ViewController.swift */; };
		1A74D67B2215AA4D00ED4D85 /* Main.storyboard in Resources */ = {isa = PBXBuildFile; fileRef = 1A74D6792215AA4D00ED4D85 /* Main.storyboard */; };
		1A74D67D2215AA4E00ED4D85 /* Assets.xcassets in Resources */ = {isa = PBXBuildFile; fileRef = 1A74D67C2215AA4E00ED4D85 /* Assets.xcassets */; };
		1A74D6802215AA4E00ED4D85 /* LaunchScreen.storyboard in Resources */ = {isa = PBXBuildFile; fileRef = 1A74D67E2215AA4E00ED4D85 /* LaunchScreen.storyboard */; };
		1A74D68B2215AA4F00ED4D85 /* DavidHidrogo140219StoryBoardTests.swift in Sources */ = {isa = PBXBuildFile; fileRef = 1A74D68A2215AA4F00ED4D85 /* DavidHidrogo140219StoryBoardTests.swift */; };
		1A74D6962215AA4F00ED4D85 /* DavidHidrogo140219StoryBoardUITests.swift in Sources */ = {isa = PBXBuildFile; fileRef = 1A74D6952215AA4F00ED4D85 /* DavidHidrogo140219StoryBoardUITests.swift */; };
/* End PBXBuildFile section */

/* Begin PBXContainerItemProxy section */
		1A74D6872215AA4F00ED4D85 /* PBXContainerItemProxy */ = {
			isa = PBXContainerItemProxy;
			containerPortal = 1A74D66A2215AA4D00ED4D85 /* Project object */;
			proxyType = 1;
			remoteGlobalIDString = 1A74D6712215AA4D00ED4D85;
			remoteInfo = DavidHidrogo140219StoryBoard;
		};
		1A74D6922215AA4F00ED4D85 /* PBXContainerItemProxy */ = {
			isa = PBXContainerItemProxy;
			containerPortal = 1A74D66A2215AA4D00ED4D85 /* Project object */;
			proxyType = 1;
			remoteGlobalIDString = 1A74D6712215AA4D00ED4D85;
			remoteInfo = DavidHidrogo140219StoryBoard;
		};
/* End PBXContainerItemProxy section */

/* Begin PBXFileReference section */
		1A74D6722215AA4D00ED4D85 /* DavidHidrogo140219StoryBoard.app */ = {isa = PBXFileReference; explicitFileType = wrapper.application; includeInIndex = 0; path = DavidHidrogo140219StoryBoard.app; sourceTree = BUILT_PRODUCTS_DIR; };
		1A74D6752215AA4D00ED4D85 /* AppDelegate.swift */ = {isa = PBXFileReference; lastKnownFileType = sourcecode.swift; path = AppDelegate.swift; sourceTree = "<group>"; };
		1A74D6772215AA4D00ED4D85 /* ViewController.swift */ = {isa = PBXFileReference; lastKnownFileType = sourcecode.swift; path = ViewController.swift; sourceTree = "<group>"; };
		1A74D67A2215AA4D00ED4D85 /* Base */ = {isa = PBXFileReference; lastKnownFileType = file.storyboard; name = Base; path = Base.lproj/Main.storyboard; sourceTree = "<group>"; };
		1A74D67C2215AA4E00ED4D85 /* Assets.xcassets */ = {isa = PBXFileReference; lastKnownFileType = folder.assetcatalog; path = Assets.xcassets; sourceTree = "<group>"; };
		1A74D67F2215AA4E00ED4D85 /* Base */ = {isa = PBXFileReference; lastKnownFileType = file.storyboard; name = Base; path = Base.lproj/LaunchScreen.storyboard; sourceTree = "<group>"; };
		1A74D6812215AA4E00ED4D85 /* Info.plist */ = {isa = PBXFileReference; lastKnownFileType = text.plist.xml; path = Info.plist; sourceTree = "<group>"; };
		1A74D6862215AA4F00ED4D85 /* DavidHidrogo140219StoryBoardTests.xctest */ = {isa = PBXFileReference; explicitFileType = wrapper.cfbundle; includeInIndex = 0; path = DavidHidrogo140219StoryBoardTests.xctest; sourceTree = BUILT_PRODUCTS_DIR; };
		1A74D68A2215AA4F00ED4D85 /* DavidHidrogo140219StoryBoardTests.swift */ = {isa = PBXFileReference; lastKnownFileType = sourcecode.swift; path = DavidHidrogo140219StoryBoardTests.swift; sourceTree = "<group>"; };
		1A74D68C2215AA4F00ED4D85 /* Info.plist */ = {isa = PBXFileReference; lastKnownFileType = text.plist.xml; path = Info.plist; sourceTree = "<group>"; };
		1A74D6912215AA4F00ED4D85 /* DavidHidrogo140219StoryBoardUITests.xctest */ = {isa = PBXFileReference; explicitFileType = wrapper.cfbundle; includeInIndex = 0; path = DavidHidrogo140219StoryBoardUITests.xctest; sourceTree = BUILT_PRODUCTS_DIR; };
		1A74D6952215AA4F00ED4D85 /* DavidHidrogo140219StoryBoardUITests.swift */ = {isa = PBXFileReference; lastKnownFileType = sourcecode.swift; path = DavidHidrogo140219StoryBoardUITests.swift; sourceTree = "<group>"; };
		1A74D6972215AA4F00ED4D85 /* Info.plist */ = {isa = PBXFileReference; lastKnownFileType = text.plist.xml; path = Info.plist; sourceTree = "<group>"; };
/* End PBXFileReference section */

/* Begin PBXFrameworksBuildPhase section */
		1A74D66F2215AA4D00ED4D85 /* Frameworks */ = {
			isa = PBXFrameworksBuildPhase;
			buildActionMask = 2147483647;
			files = (
			);
			runOnlyForDeploymentPostprocessing = 0;
		};
		1A74D6832215AA4F00ED4D85 /* Frameworks */ = {
			isa = PBXFrameworksBuildPhase;
			buildActionMask = 2147483647;
			files = (
			);
			runOnlyForDeploymentPostprocessing = 0;
		};
		1A74D68E2215AA4F00ED4D85 /* Frameworks */ = {
			isa = PBXFrameworksBuildPhase;
			buildActionMask = 2147483647;
			files = (
			);
			runOnlyForDeploymentPostprocessing = 0;
		};
/* End PBXFrameworksBuildPhase section */

/* Begin PBXGroup section */
		1A74D6692215AA4D00ED4D85 = {
			isa = PBXGroup;
			children = (
				1A74D6742215AA4D00ED4D85 /* DavidHidrogo140219StoryBoard */,
				1A74D6892215AA4F00ED4D85 /* DavidHidrogo140219StoryBoardTests */,
				1A74D6942215AA4F00ED4D85 /* DavidHidrogo140219StoryBoardUITests */,
				1A74D6732215AA4D00ED4D85 /* Products */,
			);
			sourceTree = "<group>";
		};
		1A74D6732215AA4D00ED4D85 /* Products */ = {
			isa = PBXGroup;
			children = (
				1A74D6722215AA4D00ED4D85 /* DavidHidrogo140219StoryBoard.app */,
				1A74D6862215AA4F00ED4D85 /* DavidHidrogo140219StoryBoardTests.xctest */,
				1A74D6912215AA4F00ED4D85 /* DavidHidrogo140219StoryBoardUITests.xctest */,
			);
			name = Products;
			sourceTree = "<group>";
		};
		1A74D6742215AA4D00ED4D85 /* DavidHidrogo140219StoryBoard */ = {
			isa = PBXGroup;
			children = (
				1A74D6752215AA4D00ED4D85 /* AppDelegate.swift */,
				1A74D6772215AA4D00ED4D85 /* ViewController.swift */,
				1A74D6792215AA4D00ED4D85 /* Main.storyboard */,
				1A74D67C2215AA4E00ED4D85 /* Assets.xcassets */,
				1A74D67E2215AA4E00ED4D85 /* LaunchScreen.storyboard */,
				1A74D6812215AA4E00ED4D85 /* Info.plist */,
			);
			path = DavidHidrogo140219StoryBoard;
			sourceTree = "<group>";
		};
		1A74D6892215AA4F00ED4D85 /* DavidHidrogo140219StoryBoardTests */ = {
			isa = PBXGroup;
			children = (
				1A74D68A2215AA4F00ED4D85 /* DavidHidrogo140219StoryBoardTests.swift */,
				1A74D68C2215AA4F00ED4D85 /* Info.plist */,
			);
			path = DavidHidrogo140219StoryBoardTests;
			sourceTree = "<group>";
		};
		1A74D6942215AA4F00ED4D85 /* DavidHidrogo140219StoryBoardUITests */ = {
			isa = PBXGroup;
			children = (
				1A74D6952215AA4F00ED4D85 /* DavidHidrogo140219StoryBoardUITests.swift */,
				1A74D6972215AA4F00ED4D85 /* Info.plist */,
			);
			path = DavidHidrogo140219StoryBoardUITests;
			sourceTree = "<group>";
		};
/* End PBXGroup section */

/* Begin PBXNativeTarget section */
		1A74D6712215AA4D00ED4D85 /* DavidHidrogo140219StoryBoard */ = {
			isa = PBXNativeTarget;
			buildConfigurationList = 1A74D69A2215AA4F00ED4D85 /* Build configuration list for PBXNativeTarget "DavidHidrogo140219StoryBoard" */;
			buildPhases = (
				1A74D66E2215AA4D00ED4D85 /* Sources */,
				1A74D66F2215AA4D00ED4D85 /* Frameworks */,
				1A74D6702215AA4D00ED4D85 /* Resources */,
			);
			buildRules = (
			);
			dependencies = (
			);
			name = DavidHidrogo140219StoryBoard;
			productName = DavidHidrogo140219StoryBoard;
			productReference = 1A74D6722215AA4D00ED4D85 /* DavidHidrogo140219StoryBoard.app */;
			productType = "com.apple.product-type.application";
		};
		1A74D6852215AA4F00ED4D85 /* DavidHidrogo140219StoryBoardTests */ = {
			isa = PBXNativeTarget;
			buildConfigurationList = 1A74D69D2215AA4F00ED4D85 /* Build configuration list for PBXNativeTarget "DavidHidrogo140219StoryBoardTests" */;
			buildPhases = (
				1A74D6822215AA4F00ED4D85 /* Sources */,
				1A74D6832215AA4F00ED4D85 /* Frameworks */,
				1A74D6842215AA4F00ED4D85 /* Resources */,
			);
			buildRules = (
			);
			dependencies = (
				1A74D6882215AA4F00ED4D85 /* PBXTargetDependency */,
			);
			name = DavidHidrogo140219StoryBoardTests;
			productName = DavidHidrogo140219StoryBoardTests;
			productReference = 1A74D6862215AA4F00ED4D85 /* DavidHidrogo140219StoryBoardTests.xctest */;
			productType = "com.apple.product-type.bundle.unit-test";
		};
		1A74D6902215AA4F00ED4D85 /* DavidHidrogo140219StoryBoardUITests */ = {
			isa = PBXNativeTarget;
			buildConfigurationList = 1A74D6A02215AA4F00ED4D85 /* Build configuration list for PBXNativeTarget "DavidHidrogo140219StoryBoardUITests" */;
			buildPhases = (
				1A74D68D2215AA4F00ED4D85 /* Sources */,
				1A74D68E2215AA4F00ED4D85 /* Frameworks */,
				1A74D68F2215AA4F00ED4D85 /* Resources */,
			);
			buildRules = (
			);
			dependencies = (
				1A74D6932215AA4F00ED4D85 /* PBXTargetDependency */,
			);
			name = DavidHidrogo140219StoryBoardUITests;
			productName = DavidHidrogo140219StoryBoardUITests;
			productReference = 1A74D6912215AA4F00ED4D85 /* DavidHidrogo140219StoryBoardUITests.xctest */;
			productType = "com.apple.product-type.bundle.ui-testing";
		};
/* End PBXNativeTarget section */

/* Begin PBXProject section */
		1A74D66A2215AA4D00ED4D85 /* Project object */ = {
			isa = PBXProject;
			attributes = {
				LastSwiftUpdateCheck = 1010;
				LastUpgradeCheck = 1010;
				ORGANIZATIONNAME = "Universidad Politecnica de Gómez Palacio";
				TargetAttributes = {
					1A74D6712215AA4D00ED4D85 = {
						CreatedOnToolsVersion = 10.1;
					};
					1A74D6852215AA4F00ED4D85 = {
						CreatedOnToolsVersion = 10.1;
						TestTargetID = 1A74D6712215AA4D00ED4D85;
					};
					1A74D6902215AA4F00ED4D85 = {
						CreatedOnToolsVersion = 10.1;
						TestTargetID = 1A74D6712215AA4D00ED4D85;
					};
				};
			};
			buildConfigurationList = 1A74D66D2215AA4D00ED4D85 /* Build configuration list for PBXProject "DavidHidrogo140219StoryBoard" */;
			compatibilityVersion = "Xcode 9.3";
			developmentRegion = en;
			hasScannedForEncodings = 0;
			knownRegions = (
				en,
				Base,
			);
			mainGroup = 1A74D6692215AA4D00ED4D85;
			productRefGroup = 1A74D6732215AA4D00ED4D85 /* Products */;
			projectDirPath = "";
			projectRoot = "";
			targets = (
				1A74D6712215AA4D00ED4D85 /* DavidHidrogo140219StoryBoard */,
				1A74D6852215AA4F00ED4D85 /* DavidHidrogo140219StoryBoardTests */,
				1A74D6902215AA4F00ED4D85 /* DavidHidrogo140219StoryBoardUITests */,
			);
		};
/* End PBXProject section */

/* Begin PBXResourcesBuildPhase section */
		1A74D6702215AA4D00ED4D85 /* Resources */ = {
			isa = PBXResourcesBuildPhase;
			buildActionMask = 2147483647;
			files = (
				1A74D6802215AA4E00ED4D85 /* LaunchScreen.storyboard in Resources */,
				1A74D67D2215AA4E00ED4D85 /* Assets.xcassets in Resources */,
				1A74D67B2215AA4D00ED4D85 /* Main.storyboard in Resources */,
			);
			runOnlyForDeploymentPostprocessing = 0;
		};
		1A74D6842215AA4F00ED4D85 /* Resources */ = {
			isa = PBXResourcesBuildPhase;
			buildActionMask = 2147483647;
			files = (
			);
			runOnlyForDeploymentPostprocessing = 0;
		};
		1A74D68F2215AA4F00ED4D85 /* Resources */ = {
			isa = PBXResourcesBuildPhase;
			buildActionMask = 2147483647;
			files = (
			);
			runOnlyForDeploymentPostprocessing = 0;
		};
/* End PBXResourcesBuildPhase section */

/* Begin PBXSourcesBuildPhase section */
		1A74D66E2215AA4D00ED4D85 /* Sources */ = {
			isa = PBXSourcesBuildPhase;
			buildActionMask = 2147483647;
			files = (
				1A74D6782215AA4D00ED4D85 /* ViewController.swift in Sources */,
				1A74D6762215AA4D00ED4D85 /* AppDelegate.swift in Sources */,
			);
			runOnlyForDeploymentPostprocessing = 0;
		};
		1A74D6822215AA4F00ED4D85 /* Sources */ = {
			isa = PBXSourcesBuildPhase;
			buildActionMask = 2147483647;
			files = (
				1A74D68B2215AA4F00ED4D85 /* DavidHidrogo140219StoryBoardTests.swift in Sources */,
			);
			runOnlyForDeploymentPostprocessing = 0;
		};
		1A74D68D2215AA4F00ED4D85 /* Sources */ = {
			isa = PBXSourcesBuildPhase;
			buildActionMask = 2147483647;
			files = (
				1A74D6962215AA4F00ED4D85 /* DavidHidrogo140219StoryBoardUITests.swift in Sources */,
			);
			runOnlyForDeploymentPostprocessing = 0;
		};
/* End PBXSourcesBuildPhase section */

/* Begin PBXTargetDependency section */
		1A74D6882215AA4F00ED4D85 /* PBXTargetDependency */ = {
			isa = PBXTargetDependency;
			target = 1A74D6712215AA4D00ED4D85 /* DavidHidrogo140219StoryBoard */;
			targetProxy = 1A74D6872215AA4F00ED4D85 /* PBXContainerItemProxy */;
		};
		1A74D6932215AA4F00ED4D85 /* PBXTargetDependency */ = {
			isa = PBXTargetDependency;
			target = 1A74D6712215AA4D00ED4D85 /* DavidHidrogo140219StoryBoard */;
			targetProxy = 1A74D6922215AA4F00ED4D85 /* PBXContainerItemProxy */;
		};
/* End PBXTargetDependency section */

/* Begin PBXVariantGroup section */
		1A74D6792215AA4D00ED4D85 /* Main.storyboard */ = {
			isa = PBXVariantGroup;
			children = (
				1A74D67A2215AA4D00ED4D85 /* Base */,
			);
			name = Main.storyboard;
			sourceTree = "<group>";
		};
		1A74D67E2215AA4E00ED4D85 /* LaunchScreen.storyboard */ = {
			isa = PBXVariantGroup;
			children = (
				1A74D67F2215AA4E00ED4D85 /* Base */,
			);
			name = LaunchScreen.storyboard;
			sourceTree = "<group>";
		};
/* End PBXVariantGroup section */

/* Begin XCBuildConfiguration section */
		1A74D6982215AA4F00ED4D85 /* Debug */ = {
			isa = XCBuildConfiguration;
			buildSettings = {
				ALWAYS_SEARCH_USER_PATHS = NO;
				CLANG_ANALYZER_NONNULL = YES;
				CLANG_ANALYZER_NUMBER_OBJECT_CONVERSION = YES_AGGRESSIVE;
				CLANG_CXX_LANGUAGE_STANDARD = "gnu++14";
				CLANG_CXX_LIBRARY = "libc++";
				CLANG_ENABLE_MODULES = YES;
				CLANG_ENABLE_OBJC_ARC = YES;
				CLANG_ENABLE_OBJC_WEAK = YES;
				CLANG_WARN_BLOCK_CAPTURE_AUTORELEASING = YES;
				CLANG_WARN_BOOL_CONVERSION = YES;
				CLANG_WARN_COMMA = YES;
				CLANG_WARN_CONSTANT_CONVERSION = YES;
				CLANG_WARN_DEPRECATED_OBJC_IMPLEMENTATIONS = YES;
				CLANG_WARN_DIRECT_OBJC_ISA_USAGE = YES_ERROR;
				CLANG_WARN_DOCUMENTATION_COMMENTS = YES;
				CLANG_WARN_EMPTY_BODY = YES;
				CLANG_WARN_ENUM_CONVERSION = YES;
				CLANG_WARN_INFINITE_RECURSION = YES;
				CLANG_WARN_INT_CONVERSION = YES;
				CLANG_WARN_NON_LITERAL_NULL_CONVERSION = YES;
				CLANG_WARN_OBJC_IMPLICIT_RETAIN_SELF = YES;
				CLANG_WARN_OBJC_LITERAL_CONVERSION = YES;
				CLANG_WARN_OBJC_ROOT_CLASS = YES_ERROR;
				CLANG_WARN_RANGE_LOOP_ANALYSIS = YES;
				CLANG_WARN_STRICT_PROTOTYPES = YES;
				CLANG_WARN_SUSPICIOUS_MOVE = YES;
				CLANG_WARN_UNGUARDED_AVAILABILITY = YES_AGGRESSIVE;
				CLANG_WARN_UNREACHABLE_CODE = YES;
				CLANG_WARN__DUPLICATE_METHOD_MATCH = YES;
				CODE_SIGN_IDENTITY = "iPhone Developer";
				COPY_PHASE_STRIP = NO;
				DEBUG_INFORMATION_FORMAT = dwarf;
				ENABLE_STRICT_OBJC_MSGSEND = YES;
				ENABLE_TESTABILITY = YES;
				GCC_C_LANGUAGE_STANDARD = gnu11;
				GCC_DYNAMIC_NO_PIC = NO;
				GCC_NO_COMMON_BLOCKS = YES;
				GCC_OPTIMIZATION_LEVEL = 0;
				GCC_PREPROCESSOR_DEFINITIONS = (
					"DEBUG=1",
					"$(inherited)",
				);
				GCC_WARN_64_TO_32_BIT_CONVERSION = YES;
				GCC_WARN_ABOUT_RETURN_TYPE = YES_ERROR;
				GCC_WARN_UNDECLARED_SELECTOR = YES;
				GCC_WARN_UNINITIALIZED_AUTOS = YES_AGGRESSIVE;
				GCC_WARN_UNUSED_FUNCTION = YES;
				GCC_WARN_UNUSED_VARIABLE = YES;
				IPHONEOS_DEPLOYMENT_TARGET = 12.1;
				MTL_ENABLE_DEBUG_INFO = INCLUDE_SOURCE;
				MTL_FAST_MATH = YES;
				ONLY_ACTIVE_ARCH = YES;
				SDKROOT = iphoneos;
				SWIFT_ACTIVE_COMPILATION_CONDITIONS = DEBUG;
				SWIFT_OPTIMIZATION_LEVEL = "-Onone";
			};
			name = Debug;
		};
		1A74D6992215AA4F00ED4D85 /* Release */ = {
			isa = XCBuildConfiguration;
			buildSettings = {
				ALWAYS_SEARCH_USER_PATHS = NO;
				CLANG_ANALYZER_NONNULL = YES;
				CLANG_ANALYZER_NUMBER_OBJECT_CONVERSION = YES_AGGRESSIVE;
				CLANG_CXX_LANGUAGE_STANDARD = "gnu++14";
				CLANG_CXX_LIBRARY = "libc++";
				CLANG_ENABLE_MODULES = YES;
				CLANG_ENABLE_OBJC_ARC = YES;
				CLANG_ENABLE_OBJC_WEAK = YES;
				CLANG_WARN_BLOCK_CAPTURE_AUTORELEASING = YES;
				CLANG_WARN_BOOL_CONVERSION = YES;
				CLANG_WARN_COMMA = YES;
				CLANG_WARN_CONSTANT_CONVERSION = YES;
				CLANG_WARN_DEPRECATED_OBJC_IMPLEMENTATIONS = YES;
				CLANG_WARN_DIRECT_OBJC_ISA_USAGE = YES_ERROR;
				CLANG_WARN_DOCUMENTATION_COMMENTS = YES;
				CLANG_WARN_EMPTY_BODY = YES;
				CLANG_WARN_ENUM_CONVERSION = YES;
				CLANG_WARN_INFINITE_RECURSION = YES;
				CLANG_WARN_INT_CONVERSION = YES;
				CLANG_WARN_NON_LITERAL_NULL_CONVERSION = YES;
				CLANG_WARN_OBJC_IMPLICIT_RETAIN_SELF = YES;
				CLANG_WARN_OBJC_LITERAL_CONVERSION = YES;
				CLANG_WARN_OBJC_ROOT_CLASS = YES_ERROR;
				CLANG_WARN_RANGE_LOOP_ANALYSIS = YES;
				CLANG_WARN_STRICT_PROTOTYPES = YES;
				CLANG_WARN_SUSPICIOUS_MOVE = YES;
				CLANG_WARN_UNGUARDED_AVAILABILITY = YES_AGGRESSIVE;
				CLANG_WARN_UNREACHABLE_CODE = YES;
				CLANG_WARN__DUPLICATE_METHOD_MATCH = YES;
				CODE_SIGN_IDENTITY = "iPhone Developer";
				COPY_PHASE_STRIP = NO;
				DEBUG_INFORMATION_FORMAT = "dwarf-with-dsym";
				ENABLE_NS_ASSERTIONS = NO;
				ENABLE_STRICT_OBJC_MSGSEND = YES;
				GCC_C_LANGUAGE_STANDARD = gnu11;
				GCC_NO_COMMON_BLOCKS = YES;
				GCC_WARN_64_TO_32_BIT_CONVERSION = YES;
				GCC_WARN_ABOUT_RETURN_TYPE = YES_ERROR;
				GCC_WARN_UNDECLARED_SELECTOR = YES;
				GCC_WARN_UNINITIALIZED_AUTOS = YES_AGGRESSIVE;
				GCC_WARN_UNUSED_FUNCTION = YES;
				GCC_WARN_UNUSED_VARIABLE = YES;
				IPHONEOS_DEPLOYMENT_TARGET = 12.1;
				MTL_ENABLE_DEBUG_INFO = NO;
				MTL_FAST_MATH = YES;
				SDKROOT = iphoneos;
				SWIFT_COMPILATION_MODE = wholemodule;
				SWIFT_OPTIMIZATION_LEVEL = "-O";
				VALIDATE_PRODUCT = YES;
			};
			name = Release;
		};
		1A74D69B2215AA4F00ED4D85 /* Debug */ = {
			isa = XCBuildConfiguration;
			buildSettings = {
				ASSETCATALOG_COMPILER_APPICON_NAME = AppIcon;
				CODE_SIGN_STYLE = Automatic;
				INFOPLIST_FILE = DavidHidrogo140219StoryBoard/Info.plist;
				LD_RUNPATH_SEARCH_PATHS = (
					"$(inherited)",
					"@executable_path/Frameworks",
				);
				PRODUCT_BUNDLE_IDENTIFIER = upgop.DavidHidrogo140219StoryBoard;
				PRODUCT_NAME = "$(TARGET_NAME)";
				SWIFT_VERSION = 4.2;
				TARGETED_DEVICE_FAMILY = "1,2";
			};
			name = Debug;
		};
		1A74D69C2215AA4F00ED4D85 /* Release */ = {
			isa = XCBuildConfiguration;
			buildSettings = {
				ASSETCATALOG_COMPILER_APPICON_NAME = AppIcon;
				CODE_SIGN_STYLE = Automatic;
				INFOPLIST_FILE = DavidHidrogo140219StoryBoard/Info.plist;
				LD_RUNPATH_SEARCH_PATHS = (
					"$(inherited)",
					"@executable_path/Frameworks",
				);
				PRODUCT_BUNDLE_IDENTIFIER = upgop.DavidHidrogo140219StoryBoard;
				PRODUCT_NAME = "$(TARGET_NAME)";
				SWIFT_VERSION = 4.2;
				TARGETED_DEVICE_FAMILY = "1,2";
			};
			name = Release;
		};
		1A74D69E2215AA4F00ED4D85 /* Debug */ = {
			isa = XCBuildConfiguration;
			buildSettings = {
				ALWAYS_EMBED_SWIFT_STANDARD_LIBRARIES = YES;
				BUNDLE_LOADER = "$(TEST_HOST)";
				CODE_SIGN_STYLE = Automatic;
				INFOPLIST_FILE = DavidHidrogo140219StoryBoardTests/Info.plist;
				LD_RUNPATH_SEARCH_PATHS = (
					"$(inherited)",
					"@executable_path/Frameworks",
					"@loader_path/Frameworks",
				);
				PRODUCT_BUNDLE_IDENTIFIER = upgop.DavidHidrogo140219StoryBoardTests;
				PRODUCT_NAME = "$(TARGET_NAME)";
				SWIFT_VERSION = 4.2;
				TARGETED_DEVICE_FAMILY = "1,2";
				TEST_HOST = "$(BUILT_PRODUCTS_DIR)/DavidHidrogo140219StoryBoard.app/DavidHidrogo140219StoryBoard";
			};
			name = Debug;
		};
		1A74D69F2215AA4F00ED4D85 /* Release */ = {
			isa = XCBuildConfiguration;
			buildSettings = {
				ALWAYS_EMBED_SWIFT_STANDARD_LIBRARIES = YES;
				BUNDLE_LOADER = "$(TEST_HOST)";
				CODE_SIGN_STYLE = Automatic;
				INFOPLIST_FILE = DavidHidrogo140219StoryBoardTests/Info.plist;
				LD_RUNPATH_SEARCH_PATHS = (
					"$(inherited)",
					"@executable_path/Frameworks",
					"@loader_path/Frameworks",
				);
				PRODUCT_BUNDLE_IDENTIFIER = upgop.DavidHidrogo140219StoryBoardTests;
				PRODUCT_NAME = "$(TARGET_NAME)";
				SWIFT_VERSION = 4.2;
				TARGETED_DEVICE_FAMILY = "1,2";
				TEST_HOST = "$(BUILT_PRODUCTS_DIR)/DavidHidrogo140219StoryBoard.app/DavidHidrogo140219StoryBoard";
			};
			name = Release;
		};
		1A74D6A12215AA4F00ED4D85 /* Debug */ = {
			isa = XCBuildConfiguration;
			buildSettings = {
				ALWAYS_EMBED_SWIFT_STANDARD_LIBRARIES = YES;
				CODE_SIGN_STYLE = Automatic;
				INFOPLIST_FILE = DavidHidrogo140219StoryBoardUITests/Info.plist;
				LD_RUNPATH_SEARCH_PATHS = (
					"$(inherited)",
					"@executable_path/Frameworks",
					"@loader_path/Frameworks",
				);
				PRODUCT_BUNDLE_IDENTIFIER = upgop.DavidHidrogo140219StoryBoardUITests;
				PRODUCT_NAME = "$(TARGET_NAME)";
				SWIFT_VERSION = 4.2;
				TARGETED_DEVICE_FAMILY = "1,2";
				TEST_TARGET_NAME = DavidHidrogo140219StoryBoard;
			};
			name = Debug;
		};
		1A74D6A22215AA4F00ED4D85 /* Release */ = {
			isa = XCBuildConfiguration;
			buildSettings = {
				ALWAYS_EMBED_SWIFT_STANDARD_LIBRARIES = YES;
				CODE_SIGN_STYLE = Automatic;
				INFOPLIST_FILE = DavidHidrogo140219StoryBoardUITests/Info.plist;
				LD_RUNPATH_SEARCH_PATHS = (
					"$(inherited)",
					"@executable_path/Frameworks",
					"@loader_path/Frameworks",
				);
				PRODUCT_BUNDLE_IDENTIFIER = upgop.DavidHidrogo140219StoryBoardUITests;
				PRODUCT_NAME = "$(TARGET_NAME)";
				SWIFT_VERSION = 4.2;
				TARGETED_DEVICE_FAMILY = "1,2";
				TEST_TARGET_NAME = DavidHidrogo140219StoryBoard;
			};
			name = Release;
		};
/* End XCBuildConfiguration section */

/* Begin XCConfigurationList section */
		1A74D66D2215AA4D00ED4D85 /* Build configuration list for PBXProject "DavidHidrogo140219StoryBoard" */ = {
			isa = XCConfigurationList;
			buildConfigurations = (
				1A74D6982215AA4F00ED4D85 /* Debug */,
				1A74D6992215AA4F00ED4D85 /* Release */,
			);
			defaultConfigurationIsVisible = 0;
			defaultConfigurationName = Release;
		};
		1A74D69A2215AA4F00ED4D85 /* Build configuration list for PBXNativeTarget "DavidHidrogo140219StoryBoard" */ = {
			isa = XCConfigurationList;
			buildConfigurations = (
				1A74D69B2215AA4F00ED4D85 /* Debug */,
				1A74D69C2215AA4F00ED4D85 /* Release */,
			);
			defaultConfigurationIsVisible = 0;
			defaultConfigurationName = Release;
		};
		1A74D69D2215AA4F00ED4D85 /* Build configuration list for PBXNativeTarget "DavidHidrogo140219StoryBoardTests" */ = {
			isa = XCConfigurationList;
			buildConfigurations = (
				1A74D69E2215AA4F00ED4D85 /* Debug */,
				1A74D69F2215AA4F00ED4D85 /* Release */,
			);
			defaultConfigurationIsVisible = 0;
			defaultConfigurationName = Release;
		};
		1A74D6A02215AA4F00ED4D85 /* Build configuration list for PBXNativeTarget "DavidHidrogo140219StoryBoardUITests" */ = {
			isa = XCConfigurationList;
			buildConfigurations = (
				1A74D6A12215AA4F00ED4D85 /* Debug */,
				1A74D6A22215AA4F00ED4D85 /* Release */,
			);
			defaultConfigurationIsVisible = 0;
			defaultConfigurationName = Release;
		};
/* End XCConfigurationList section */
	};
	rootObject = 1A74D66A2215AA4D00ED4D85 /* Project object */;
}
